
Microsoft Visual Studio Solution File, Format Version 12.00
# Visual Studio Version 17
VisualStudioVersion = 17.3.32929.385
MinimumVisualStudioVersion = 10.0.40219.1
Project("{9A19103F-16F7-4668-BE54-9A1E7A4F7556}") = "Vayosoft", "src\Vayosoft\Vayosoft.csproj", "{535490D8-3284-48FE-926A-B96A7108053B}"
EndProject
Project("{2150E333-8FDC-42A3-9474-1A3956D46DE8}") = "src", "src", "{A0B57AC8-5163-4002-8BF3-8159789274AC}"
EndProject
Project("{9A19103F-16F7-4668-BE54-9A1E7A4F7556}") = "Vayosoft.AutoMapper", "src\Vayosoft.AutoMapper\Vayosoft.AutoMapper.csproj", "{16583532-9060-4997-8FBE-D3B83ADE9D53}"
EndProject
Project("{9A19103F-16F7-4668-BE54-9A1E7A4F7556}") = "Vayosoft.Dapper.MySQL", "src\Vayosoft.Dapper.MySQL\Vayosoft.Dapper.MySQL.csproj", "{1BA11007-D6F8-4971-A90D-E9BE1B341531}"
EndProject
Project("{9A19103F-16F7-4668-BE54-9A1E7A4F7556}") = "Vayosoft.EntityFramework.MySQL", "src\Vayosoft.EntityFramework.MySQL\Vayosoft.EntityFramework.MySQL.csproj", "{6751213B-948D-4D31-92D0-2D386D87B066}"
EndProject
Project("{9A19103F-16F7-4668-BE54-9A1E7A4F7556}") = "Vayosoft.Email", "src\Vayosoft.Email\Vayosoft.Email.csproj", "{F350ABD6-1666-4C85-B6D6-1CE3D7544F67}"
EndProject
Project("{9A19103F-16F7-4668-BE54-9A1E7A4F7556}") = "Vayosoft.Http", "src\Vayosoft.Http\Vayosoft.Http.csproj", "{5A351D71-1082-4136-AD08-83A3A9D1529A}"
EndProject
Project("{9A19103F-16F7-4668-BE54-9A1E7A4F7556}") = "Vayosoft.Persistence.MongoDB", "src\Vayosoft.Persistence.MongoDB\Vayosoft.Persistence.MongoDB.csproj", "{46C690EC-CBE2-45D4-8ADD-7B78B765D3CC}"
EndProject
Project("{9A19103F-16F7-4668-BE54-9A1E7A4F7556}") = "Vayosoft.PushBrokers", "src\Vayosoft.PushBrokers\Vayosoft.PushBrokers.csproj", "{CF04A7F1-333E-43B6-A22C-856063B63C0E}"
EndProject
Project("{9A19103F-16F7-4668-BE54-9A1E7A4F7556}") = "Vayosoft.Redis", "src\Vayosoft.Redis\Vayosoft.Redis.csproj", "{6CE37B83-3CF9-4BA5-A296-4CBC43BD92E9}"
EndProject
Project("{2150E333-8FDC-42A3-9474-1A3956D46DE8}") = "test", "test", "{70777D0B-D554-460B-8933-5E2749CBF0F4}"
EndProject
Project("{9A19103F-16F7-4668-BE54-9A1E7A4F7556}") = "Vayosoft.RestClient", "src\Vayosoft.RestClient\Vayosoft.RestClient.csproj", "{478D4226-7817-454F-99B2-866B8F6A8D7C}"
EndProject
Project("{9A19103F-16F7-4668-BE54-9A1E7A4F7556}") = "Vayosoft.Streaming", "src\Vayosoft.Streaming\Vayosoft.Streaming.csproj", "{F54D1972-DF9F-40E7-B00C-1CF3B23877F0}"
EndProject
Project("{9A19103F-16F7-4668-BE54-9A1E7A4F7556}") = "Vayosoft.Streaming.Redis", "src\Vayosoft.Streaming.Redis\Vayosoft.Streaming.Redis.csproj", "{6F8EF2D1-0700-4848-97B8-26C1B419D643}"
EndProject
Project("{9A19103F-16F7-4668-BE54-9A1E7A4F7556}") = "Vayosoft.Threading", "src\Vayosoft.Threading\Vayosoft.Threading.csproj", "{B99B151D-5FE0-4ECC-B40E-EFD3B82B356E}"
EndProject
Project("{9A19103F-16F7-4668-BE54-9A1E7A4F7556}") = "Vayosoft.Caching", "src\Vayosoft.Caching\Vayosoft.Caching.csproj", "{1B79B073-3A4F-48FE-BA5A-95EE69B43D21}"
EndProject
Project("{9A19103F-16F7-4668-BE54-9A1E7A4F7556}") = "Vayosoft.gRPC", "src\Vayosoft.gRPC\Vayosoft.gRPC.csproj", "{6D01C596-A92F-4516-896E-AB61FEC085DE}"
EndProject
Project("{9A19103F-16F7-4668-BE54-9A1E7A4F7556}") = "Vayosoft.Identity", "src\Vayosoft.Identity\Vayosoft.Identity.csproj", "{A7FE9282-9D4F-4F53-87CF-C7A43CDFD92B}"
EndProject
Project("{9A19103F-16F7-4668-BE54-9A1E7A4F7556}") = "Vayosoft.Web", "src\Vayosoft.Web\Vayosoft.Web.csproj", "{3F2F077A-4443-48AB-BB41-7EF32F6BF0BF}"
EndProject
Project("{9A19103F-16F7-4668-BE54-9A1E7A4F7556}") = "Vayosoft.UnitTests", "test\Vayosoft.UnitTests\Vayosoft.UnitTests.csproj", "{A48EDDC0-2B58-4F8D-8194-5F09726AC4E5}"
EndProject
Project("{9A19103F-16F7-4668-BE54-9A1E7A4F7556}") = "Vayosoft.Testing", "src\Vayosoft.Testing\Vayosoft.Testing.csproj", "{FBB1FD47-E8D7-4761-B424-766EBAAA0221}"
EndProject
Project("{9A19103F-16F7-4668-BE54-9A1E7A4F7556}") = "Vayosoft.Persistence", "src\Vayosoft.Persistence\Vayosoft.Persistence.csproj", "{1879DEB9-B2CD-4A78-A15E-55E0F8B95E0D}"
EndProject
Project("{9A19103F-16F7-4668-BE54-9A1E7A4F7556}") = "Vayosoft.Persistence.EntityFramework", "src\Vayosoft.Persistence.EntityFramework\Vayosoft.Persistence.EntityFramework.csproj", "{0D48448E-0021-438A-A0C2-F9FA127959BF}"
EndProject
Project("{9A19103F-16F7-4668-BE54-9A1E7A4F7556}") = "Vayosoft.Identity.EntityFramework", "src\Vayosoft.Identity.EntityFramework\Vayosoft.Identity.EntityFramework.csproj", "{666B3D3A-612A-4905-B330-5D322C0E22D2}"
EndProject
Project("{9A19103F-16F7-4668-BE54-9A1E7A4F7556}") = "Benchmarks", "test\Benchmarks\Benchmarks.csproj", "{740B45E6-B061-491A-A48A-58AD8B002A94}"
EndProject
Project("{9A19103F-16F7-4668-BE54-9A1E7A4F7556}") = "Vayosoft.Web.Identity", "src\Vayosoft.Web.Identity\Vayosoft.Web.Identity.csproj", "{6A0E6B7E-3D52-4FFF-8F99-2AAA01DBDD41}"
EndProject
Project("{9A19103F-16F7-4668-BE54-9A1E7A4F7556}") = "Vayosoft.SmsBrokers", "src\Vayosoft.SmsBrokers\Vayosoft.SmsBrokers.csproj", "{90F7B36E-37DF-4948-9231-FBE0D0F93D28}"
EndProject
Project("{FAE04EC0-301F-11D3-BF4B-00C04F79EFBC}") = "Vayosoft.FFMpeg", "src\Vayosoft.FFMpeg\Vayosoft.FFMpeg.csproj", "{4328CEC5-4357-429D-8127-3DD2D1957172}"
EndProject
Global
	GlobalSection(SolutionConfigurationPlatforms) = preSolution
		Debug|Any CPU = Debug|Any CPU
		Release|Any CPU = Release|Any CPU
	EndGlobalSection
	GlobalSection(ProjectConfigurationPlatforms) = postSolution
		{535490D8-3284-48FE-926A-B96A7108053B}.Debug|Any CPU.ActiveCfg = Debug|Any CPU
		{535490D8-3284-48FE-926A-B96A7108053B}.Debug|Any CPU.Build.0 = Debug|Any CPU
		{535490D8-3284-48FE-926A-B96A7108053B}.Release|Any CPU.ActiveCfg = Release|Any CPU
		{535490D8-3284-48FE-926A-B96A7108053B}.Release|Any CPU.Build.0 = Release|Any CPU
		{16583532-9060-4997-8FBE-D3B83ADE9D53}.Debug|Any CPU.ActiveCfg = Debug|Any CPU
		{16583532-9060-4997-8FBE-D3B83ADE9D53}.Debug|Any CPU.Build.0 = Debug|Any CPU
		{16583532-9060-4997-8FBE-D3B83ADE9D53}.Release|Any CPU.ActiveCfg = Release|Any CPU
		{16583532-9060-4997-8FBE-D3B83ADE9D53}.Release|Any CPU.Build.0 = Release|Any CPU
		{1BA11007-D6F8-4971-A90D-E9BE1B341531}.Debug|Any CPU.ActiveCfg = Debug|Any CPU
		{1BA11007-D6F8-4971-A90D-E9BE1B341531}.Debug|Any CPU.Build.0 = Debug|Any CPU
		{1BA11007-D6F8-4971-A90D-E9BE1B341531}.Release|Any CPU.ActiveCfg = Release|Any CPU
		{1BA11007-D6F8-4971-A90D-E9BE1B341531}.Release|Any CPU.Build.0 = Release|Any CPU
		{6751213B-948D-4D31-92D0-2D386D87B066}.Debug|Any CPU.ActiveCfg = Debug|Any CPU
		{6751213B-948D-4D31-92D0-2D386D87B066}.Debug|Any CPU.Build.0 = Debug|Any CPU
		{6751213B-948D-4D31-92D0-2D386D87B066}.Release|Any CPU.ActiveCfg = Release|Any CPU
		{6751213B-948D-4D31-92D0-2D386D87B066}.Release|Any CPU.Build.0 = Release|Any CPU
		{F350ABD6-1666-4C85-B6D6-1CE3D7544F67}.Debug|Any CPU.ActiveCfg = Debug|Any CPU
		{F350ABD6-1666-4C85-B6D6-1CE3D7544F67}.Debug|Any CPU.Build.0 = Debug|Any CPU
		{F350ABD6-1666-4C85-B6D6-1CE3D7544F67}.Release|Any CPU.ActiveCfg = Release|Any CPU
		{F350ABD6-1666-4C85-B6D6-1CE3D7544F67}.Release|Any CPU.Build.0 = Release|Any CPU
		{5A351D71-1082-4136-AD08-83A3A9D1529A}.Debug|Any CPU.ActiveCfg = Debug|Any CPU
		{5A351D71-1082-4136-AD08-83A3A9D1529A}.Debug|Any CPU.Build.0 = Debug|Any CPU
		{5A351D71-1082-4136-AD08-83A3A9D1529A}.Release|Any CPU.ActiveCfg = Release|Any CPU
		{5A351D71-1082-4136-AD08-83A3A9D1529A}.Release|Any CPU.Build.0 = Release|Any CPU
		{46C690EC-CBE2-45D4-8ADD-7B78B765D3CC}.Debug|Any CPU.ActiveCfg = Debug|Any CPU
		{46C690EC-CBE2-45D4-8ADD-7B78B765D3CC}.Debug|Any CPU.Build.0 = Debug|Any CPU
		{46C690EC-CBE2-45D4-8ADD-7B78B765D3CC}.Release|Any CPU.ActiveCfg = Release|Any CPU
		{46C690EC-CBE2-45D4-8ADD-7B78B765D3CC}.Release|Any CPU.Build.0 = Release|Any CPU
		{CF04A7F1-333E-43B6-A22C-856063B63C0E}.Debug|Any CPU.ActiveCfg = Debug|Any CPU
		{CF04A7F1-333E-43B6-A22C-856063B63C0E}.Debug|Any CPU.Build.0 = Debug|Any CPU
		{CF04A7F1-333E-43B6-A22C-856063B63C0E}.Release|Any CPU.ActiveCfg = Release|Any CPU
		{CF04A7F1-333E-43B6-A22C-856063B63C0E}.Release|Any CPU.Build.0 = Release|Any CPU
		{6CE37B83-3CF9-4BA5-A296-4CBC43BD92E9}.Debug|Any CPU.ActiveCfg = Debug|Any CPU
		{6CE37B83-3CF9-4BA5-A296-4CBC43BD92E9}.Debug|Any CPU.Build.0 = Debug|Any CPU
		{6CE37B83-3CF9-4BA5-A296-4CBC43BD92E9}.Release|Any CPU.ActiveCfg = Release|Any CPU
		{6CE37B83-3CF9-4BA5-A296-4CBC43BD92E9}.Release|Any CPU.Build.0 = Release|Any CPU
		{478D4226-7817-454F-99B2-866B8F6A8D7C}.Debug|Any CPU.ActiveCfg = Debug|Any CPU
		{478D4226-7817-454F-99B2-866B8F6A8D7C}.Debug|Any CPU.Build.0 = Debug|Any CPU
		{478D4226-7817-454F-99B2-866B8F6A8D7C}.Release|Any CPU.ActiveCfg = Release|Any CPU
		{478D4226-7817-454F-99B2-866B8F6A8D7C}.Release|Any CPU.Build.0 = Release|Any CPU
		{F54D1972-DF9F-40E7-B00C-1CF3B23877F0}.Debug|Any CPU.ActiveCfg = Debug|Any CPU
		{F54D1972-DF9F-40E7-B00C-1CF3B23877F0}.Debug|Any CPU.Build.0 = Debug|Any CPU
		{F54D1972-DF9F-40E7-B00C-1CF3B23877F0}.Release|Any CPU.ActiveCfg = Release|Any CPU
		{F54D1972-DF9F-40E7-B00C-1CF3B23877F0}.Release|Any CPU.Build.0 = Release|Any CPU
		{6F8EF2D1-0700-4848-97B8-26C1B419D643}.Debug|Any CPU.ActiveCfg = Debug|Any CPU
		{6F8EF2D1-0700-4848-97B8-26C1B419D643}.Debug|Any CPU.Build.0 = Debug|Any CPU
		{6F8EF2D1-0700-4848-97B8-26C1B419D643}.Release|Any CPU.ActiveCfg = Release|Any CPU
		{6F8EF2D1-0700-4848-97B8-26C1B419D643}.Release|Any CPU.Build.0 = Release|Any CPU
		{B99B151D-5FE0-4ECC-B40E-EFD3B82B356E}.Debug|Any CPU.ActiveCfg = Debug|Any CPU
		{B99B151D-5FE0-4ECC-B40E-EFD3B82B356E}.Debug|Any CPU.Build.0 = Debug|Any CPU
		{B99B151D-5FE0-4ECC-B40E-EFD3B82B356E}.Release|Any CPU.ActiveCfg = Release|Any CPU
		{B99B151D-5FE0-4ECC-B40E-EFD3B82B356E}.Release|Any CPU.Build.0 = Release|Any CPU
		{1B79B073-3A4F-48FE-BA5A-95EE69B43D21}.Debug|Any CPU.ActiveCfg = Debug|Any CPU
		{1B79B073-3A4F-48FE-BA5A-95EE69B43D21}.Debug|Any CPU.Build.0 = Debug|Any CPU
		{1B79B073-3A4F-48FE-BA5A-95EE69B43D21}.Release|Any CPU.ActiveCfg = Release|Any CPU
		{1B79B073-3A4F-48FE-BA5A-95EE69B43D21}.Release|Any CPU.Build.0 = Release|Any CPU
		{6D01C596-A92F-4516-896E-AB61FEC085DE}.Debug|Any CPU.ActiveCfg = Debug|Any CPU
		{6D01C596-A92F-4516-896E-AB61FEC085DE}.Debug|Any CPU.Build.0 = Debug|Any CPU
		{6D01C596-A92F-4516-896E-AB61FEC085DE}.Release|Any CPU.ActiveCfg = Release|Any CPU
		{6D01C596-A92F-4516-896E-AB61FEC085DE}.Release|Any CPU.Build.0 = Release|Any CPU
		{A7FE9282-9D4F-4F53-87CF-C7A43CDFD92B}.Debug|Any CPU.ActiveCfg = Debug|Any CPU
		{A7FE9282-9D4F-4F53-87CF-C7A43CDFD92B}.Debug|Any CPU.Build.0 = Debug|Any CPU
		{A7FE9282-9D4F-4F53-87CF-C7A43CDFD92B}.Release|Any CPU.ActiveCfg = Release|Any CPU
		{A7FE9282-9D4F-4F53-87CF-C7A43CDFD92B}.Release|Any CPU.Build.0 = Release|Any CPU
		{3F2F077A-4443-48AB-BB41-7EF32F6BF0BF}.Debug|Any CPU.ActiveCfg = Debug|Any CPU
		{3F2F077A-4443-48AB-BB41-7EF32F6BF0BF}.Debug|Any CPU.Build.0 = Debug|Any CPU
		{3F2F077A-4443-48AB-BB41-7EF32F6BF0BF}.Release|Any CPU.ActiveCfg = Release|Any CPU
		{3F2F077A-4443-48AB-BB41-7EF32F6BF0BF}.Release|Any CPU.Build.0 = Release|Any CPU
		{A48EDDC0-2B58-4F8D-8194-5F09726AC4E5}.Debug|Any CPU.ActiveCfg = Debug|Any CPU
		{A48EDDC0-2B58-4F8D-8194-5F09726AC4E5}.Debug|Any CPU.Build.0 = Debug|Any CPU
		{A48EDDC0-2B58-4F8D-8194-5F09726AC4E5}.Release|Any CPU.ActiveCfg = Release|Any CPU
		{A48EDDC0-2B58-4F8D-8194-5F09726AC4E5}.Release|Any CPU.Build.0 = Release|Any CPU
		{FBB1FD47-E8D7-4761-B424-766EBAAA0221}.Debug|Any CPU.ActiveCfg = Debug|Any CPU
		{FBB1FD47-E8D7-4761-B424-766EBAAA0221}.Debug|Any CPU.Build.0 = Debug|Any CPU
		{FBB1FD47-E8D7-4761-B424-766EBAAA0221}.Release|Any CPU.ActiveCfg = Release|Any CPU
		{FBB1FD47-E8D7-4761-B424-766EBAAA0221}.Release|Any CPU.Build.0 = Release|Any CPU
		{1879DEB9-B2CD-4A78-A15E-55E0F8B95E0D}.Debug|Any CPU.ActiveCfg = Debug|Any CPU
		{1879DEB9-B2CD-4A78-A15E-55E0F8B95E0D}.Debug|Any CPU.Build.0 = Debug|Any CPU
		{1879DEB9-B2CD-4A78-A15E-55E0F8B95E0D}.Release|Any CPU.ActiveCfg = Release|Any CPU
		{1879DEB9-B2CD-4A78-A15E-55E0F8B95E0D}.Release|Any CPU.Build.0 = Release|Any CPU
		{0D48448E-0021-438A-A0C2-F9FA127959BF}.Debug|Any CPU.ActiveCfg = Debug|Any CPU
		{0D48448E-0021-438A-A0C2-F9FA127959BF}.Debug|Any CPU.Build.0 = Debug|Any CPU
		{0D48448E-0021-438A-A0C2-F9FA127959BF}.Release|Any CPU.ActiveCfg = Release|Any CPU
		{0D48448E-0021-438A-A0C2-F9FA127959BF}.Release|Any CPU.Build.0 = Release|Any CPU
		{666B3D3A-612A-4905-B330-5D322C0E22D2}.Debug|Any CPU.ActiveCfg = Debug|Any CPU
		{666B3D3A-612A-4905-B330-5D322C0E22D2}.Debug|Any CPU.Build.0 = Debug|Any CPU
		{666B3D3A-612A-4905-B330-5D322C0E22D2}.Release|Any CPU.ActiveCfg = Release|Any CPU
		{666B3D3A-612A-4905-B330-5D322C0E22D2}.Release|Any CPU.Build.0 = Release|Any CPU
		{740B45E6-B061-491A-A48A-58AD8B002A94}.Debug|Any CPU.ActiveCfg = Debug|Any CPU
		{740B45E6-B061-491A-A48A-58AD8B002A94}.Debug|Any CPU.Build.0 = Debug|Any CPU
		{740B45E6-B061-491A-A48A-58AD8B002A94}.Release|Any CPU.ActiveCfg = Release|Any CPU
		{740B45E6-B061-491A-A48A-58AD8B002A94}.Release|Any CPU.Build.0 = Release|Any CPU
		{6A0E6B7E-3D52-4FFF-8F99-2AAA01DBDD41}.Debug|Any CPU.ActiveCfg = Debug|Any CPU
		{6A0E6B7E-3D52-4FFF-8F99-2AAA01DBDD41}.Debug|Any CPU.Build.0 = Debug|Any CPU
		{6A0E6B7E-3D52-4FFF-8F99-2AAA01DBDD41}.Release|Any CPU.ActiveCfg = Release|Any CPU
		{6A0E6B7E-3D52-4FFF-8F99-2AAA01DBDD41}.Release|Any CPU.Build.0 = Release|Any CPU
		{90F7B36E-37DF-4948-9231-FBE0D0F93D28}.Debug|Any CPU.ActiveCfg = Debug|Any CPU
		{90F7B36E-37DF-4948-9231-FBE0D0F93D28}.Debug|Any CPU.Build.0 = Debug|Any CPU
		{90F7B36E-37DF-4948-9231-FBE0D0F93D28}.Release|Any CPU.ActiveCfg = Release|Any CPU
		{90F7B36E-37DF-4948-9231-FBE0D0F93D28}.Release|Any CPU.Build.0 = Release|Any CPU
		{4328CEC5-4357-429D-8127-3DD2D1957172}.Debug|Any CPU.ActiveCfg = Debug|Any CPU
		{4328CEC5-4357-429D-8127-3DD2D1957172}.Debug|Any CPU.Build.0 = Debug|Any CPU
		{4328CEC5-4357-429D-8127-3DD2D1957172}.Release|Any CPU.ActiveCfg = Release|Any CPU
		{4328CEC5-4357-429D-8127-3DD2D1957172}.Release|Any CPU.Build.0 = Release|Any CPU
	EndGlobalSection
	GlobalSection(SolutionProperties) = preSolution
		HideSolutionNode = FALSE
	EndGlobalSection
	GlobalSection(NestedProjects) = preSolution
		{535490D8-3284-48FE-926A-B96A7108053B} = {A0B57AC8-5163-4002-8BF3-8159789274AC}
		{16583532-9060-4997-8FBE-D3B83ADE9D53} = {A0B57AC8-5163-4002-8BF3-8159789274AC}
		{1BA11007-D6F8-4971-A90D-E9BE1B341531} = {A0B57AC8-5163-4002-8BF3-8159789274AC}
		{6751213B-948D-4D31-92D0-2D386D87B066} = {A0B57AC8-5163-4002-8BF3-8159789274AC}
		{F350ABD6-1666-4C85-B6D6-1CE3D7544F67} = {A0B57AC8-5163-4002-8BF3-8159789274AC}
		{5A351D71-1082-4136-AD08-83A3A9D1529A} = {A0B57AC8-5163-4002-8BF3-8159789274AC}
		{46C690EC-CBE2-45D4-8ADD-7B78B765D3CC} = {A0B57AC8-5163-4002-8BF3-8159789274AC}
		{CF04A7F1-333E-43B6-A22C-856063B63C0E} = {A0B57AC8-5163-4002-8BF3-8159789274AC}
		{6CE37B83-3CF9-4BA5-A296-4CBC43BD92E9} = {A0B57AC8-5163-4002-8BF3-8159789274AC}
		{478D4226-7817-454F-99B2-866B8F6A8D7C} = {A0B57AC8-5163-4002-8BF3-8159789274AC}
		{F54D1972-DF9F-40E7-B00C-1CF3B23877F0} = {A0B57AC8-5163-4002-8BF3-8159789274AC}
		{6F8EF2D1-0700-4848-97B8-26C1B419D643} = {A0B57AC8-5163-4002-8BF3-8159789274AC}
		{B99B151D-5FE0-4ECC-B40E-EFD3B82B356E} = {A0B57AC8-5163-4002-8BF3-8159789274AC}
		{1B79B073-3A4F-48FE-BA5A-95EE69B43D21} = {A0B57AC8-5163-4002-8BF3-8159789274AC}
		{6D01C596-A92F-4516-896E-AB61FEC085DE} = {A0B57AC8-5163-4002-8BF3-8159789274AC}
		{A7FE9282-9D4F-4F53-87CF-C7A43CDFD92B} = {A0B57AC8-5163-4002-8BF3-8159789274AC}
		{3F2F077A-4443-48AB-BB41-7EF32F6BF0BF} = {A0B57AC8-5163-4002-8BF3-8159789274AC}
		{A48EDDC0-2B58-4F8D-8194-5F09726AC4E5} = {70777D0B-D554-460B-8933-5E2749CBF0F4}
		{FBB1FD47-E8D7-4761-B424-766EBAAA0221} = {A0B57AC8-5163-4002-8BF3-8159789274AC}
		{1879DEB9-B2CD-4A78-A15E-55E0F8B95E0D} = {A0B57AC8-5163-4002-8BF3-8159789274AC}
		{0D48448E-0021-438A-A0C2-F9FA127959BF} = {A0B57AC8-5163-4002-8BF3-8159789274AC}
		{666B3D3A-612A-4905-B330-5D322C0E22D2} = {A0B57AC8-5163-4002-8BF3-8159789274AC}
		{740B45E6-B061-491A-A48A-58AD8B002A94} = {70777D0B-D554-460B-8933-5E2749CBF0F4}
		{6A0E6B7E-3D52-4FFF-8F99-2AAA01DBDD41} = {A0B57AC8-5163-4002-8BF3-8159789274AC}
		{90F7B36E-37DF-4948-9231-FBE0D0F93D28} = {A0B57AC8-5163-4002-8BF3-8159789274AC}
		{4328CEC5-4357-429D-8127-3DD2D1957172} = {A0B57AC8-5163-4002-8BF3-8159789274AC}
	EndGlobalSection
	GlobalSection(ExtensibilityGlobals) = postSolution
		SolutionGuid = {2A3D4576-3849-441F-B671-8487ADDBB191}
	EndGlobalSection
EndGlobal
